{
  "version": 4,
  "terraform_version": "1.14.8",
  "serial": 6,
  "lineage": "5de59f1a-6292-bd85-0216-d98520aa1d27",
  "outputs": {
    "resource_group_id": {
      "value": "/subscriptions/cf4adfd0-252d-4813-b002-f6f2095a23a8/resourceGroups/rg-devops-demo",
      "type": "string"
    }
  },
  "resources": [
    {
      "mode": "managed",
      "type": "azurerm_resource_group",
      "name": "rg",
      "provider": "provider[\"registry.terraform.io/hashicorp/azurerm\"]",
      "instances": [
        {
          "schema_version": 0,
          "attributes": {
            "id": "/subscriptions/cf4adfd0-252d-4813-b002-f6f2095a23a8/resourceGroups/rg-devops-demo",
            "location": "centralindia",
            "managed_by": "",
            "name": "rg-devops-demo",
            "tags": null,
            "timeouts": null
          },
          "sensitive_attributes": [],
          "identity_schema_version": 0,
          "identity": {
            "name": "rg-devops-demo",
            "subscription_id": "cf4adfd0-252d-4813-b002-f6f2095a23a8"
          },
          "private": "eyJlMmJmYjczMC1lY2FhLTExZTYtOGY4OC0zNDM2M2JjN2M0YzAiOnsiY3JlYXRlIjo1NDAwMDAwMDAwMDAwLCJkZWxldGUiOjU0MDAwMDAwMDAwMDAsInJlYWQiOjMwMDAwMDAwMDAwMCwidXBkYXRlIjo1NDAwMDAwMDAwMDAwfX0="
        }
      ]
    }
  ],
  "check_results": null
}
