{
  "version": 4,
  "terraform_version": "1.14.8",
  "serial": 1,
  "lineage": "dae5329b-301b-c396-0db5-d48d4d95c9bb",
  "outputs": {},
  "resources": [
    {
      "mode": "managed",
      "type": "azurerm_resource_group",
      "name": "example",
      "provider": "provider[\"registry.terraform.io/hashicorp/azurerm\"]",
      "instances": [
        {
          "schema_version": 0,
          "attributes": {
            "id": "/subscriptions/cf4adfd0-252d-4813-b002-f6f2095a23a8/resourceGroups/Pradip-RG",
            "location": "westeurope",
            "managed_by": "",
            "name": "Pradip-RG",
            "tags": null,
            "timeouts": null
          },
          "sensitive_attributes": [],
          "identity_schema_version": 0,
          "identity": {
            "name": "Pradip-RG",
            "subscription_id": "cf4adfd0-252d-4813-b002-f6f2095a23a8"
          },
          "private": "eyJlMmJmYjczMC1lY2FhLTExZTYtOGY4OC0zNDM2M2JjN2M0YzAiOnsiY3JlYXRlIjo1NDAwMDAwMDAwMDAwLCJkZWxldGUiOjU0MDAwMDAwMDAwMDAsInJlYWQiOjMwMDAwMDAwMDAwMCwidXBkYXRlIjo1NDAwMDAwMDAwMDAwfX0="
        }
      ]
    }
  ],
  "check_results": null
}
